
Microsoft Visual Studio Solution File, Format Version 12.00
# Visual Studio Version 16
VisualStudioVersion = 16.0.31019.35
MinimumVisualStudioVersion = 10.0.40219.1
Project("{FAE04EC0-301F-11D3-BF4B-00C04F79EFBC}") = "ChildManager", "ChildManager\ChildManager.csproj", "{BCA228E0-7EEF-424F-B71D-A5995BD3D839}"
EndProject
Global
	GlobalSection(SolutionConfigurationPlatforms) = preSolution
		Debug|Any CPU = Debug|Any CPU
		Release|Any CPU = Release|Any CPU
	EndGlobalSection
	GlobalSection(ProjectConfigurationPlatforms) = postSolution
		{BCA228E0-7EEF-424F-B71D-A5995BD3D839}.Debug|Any CPU.ActiveCfg = Debug|Any CPU
		{BCA228E0-7EEF-424F-B71D-A5995BD3D839}.Debug|Any CPU.Build.0 = Debug|Any CPU
		{BCA228E0-7EEF-424F-B71D-A5995BD3D839}.Release|Any CPU.ActiveCfg = Release|Any CPU
		{BCA228E0-7EEF-424F-B71D-A5995BD3D839}.Release|Any CPU.Build.0 = Release|Any CPU
	EndGlobalSection
	GlobalSection(SolutionProperties) = preSolution
		HideSolutionNode = FALSE
	EndGlobalSection
	GlobalSection(ExtensibilityGlobals) = postSolution
		SolutionGuid = {5F6F932A-9C6A-4A2A-9D70-60EE6B1BEFC2}
	EndGlobalSection
EndGlobal
